
Microsoft Visual Studio Solution File, Format Version 12.00
Project("{FAE04EC0-301F-11D3-BF4B-00C04F79EFBC}") = "Presentation.WebApi", "Presentation.WebApi\Presentation.WebApi.csproj", "{46A53C07-A7E6-4513-A43F-635FFB9612D6}"
EndProject
Project("{FAE04EC0-301F-11D3-BF4B-00C04F79EFBC}") = "Services", "Services\Services.csproj", "{807CFE60-B75B-4706-BFD8-58D5600342F2}"
EndProject
Project("{FAE04EC0-301F-11D3-BF4B-00C04F79EFBC}") = "Data", "Data\Data.csproj", "{D33DA48F-BA6C-4DD2-ACB6-A4536C711920}"
EndProject
Project("{FAE04EC0-301F-11D3-BF4B-00C04F79EFBC}") = "UnitTests", "UnitTests\UnitTests.csproj", "{53E3951C-8491-48B0-B041-37537A6DF45B}"
EndProject
Project("{FAE04EC0-301F-11D3-BF4B-00C04F79EFBC}") = "Common", "Common\Common.csproj", "{D5EA6E8A-1636-4D66-A85F-4C9F804C5909}"
EndProject
Global
	GlobalSection(SolutionConfigurationPlatforms) = preSolution
		Debug|Any CPU = Debug|Any CPU
		Release|Any CPU = Release|Any CPU
	EndGlobalSection
	GlobalSection(ProjectConfigurationPlatforms) = postSolution
		{46A53C07-A7E6-4513-A43F-635FFB9612D6}.Debug|Any CPU.ActiveCfg = Debug|Any CPU
		{46A53C07-A7E6-4513-A43F-635FFB9612D6}.Debug|Any CPU.Build.0 = Debug|Any CPU
		{46A53C07-A7E6-4513-A43F-635FFB9612D6}.Release|Any CPU.ActiveCfg = Release|Any CPU
		{46A53C07-A7E6-4513-A43F-635FFB9612D6}.Release|Any CPU.Build.0 = Release|Any CPU
		{807CFE60-B75B-4706-BFD8-58D5600342F2}.Debug|Any CPU.ActiveCfg = Debug|Any CPU
		{807CFE60-B75B-4706-BFD8-58D5600342F2}.Debug|Any CPU.Build.0 = Debug|Any CPU
		{807CFE60-B75B-4706-BFD8-58D5600342F2}.Release|Any CPU.ActiveCfg = Release|Any CPU
		{807CFE60-B75B-4706-BFD8-58D5600342F2}.Release|Any CPU.Build.0 = Release|Any CPU
		{D33DA48F-BA6C-4DD2-ACB6-A4536C711920}.Debug|Any CPU.ActiveCfg = Debug|Any CPU
		{D33DA48F-BA6C-4DD2-ACB6-A4536C711920}.Debug|Any CPU.Build.0 = Debug|Any CPU
		{D33DA48F-BA6C-4DD2-ACB6-A4536C711920}.Release|Any CPU.ActiveCfg = Release|Any CPU
		{D33DA48F-BA6C-4DD2-ACB6-A4536C711920}.Release|Any CPU.Build.0 = Release|Any CPU
		{53E3951C-8491-48B0-B041-37537A6DF45B}.Debug|Any CPU.ActiveCfg = Debug|Any CPU
		{53E3951C-8491-48B0-B041-37537A6DF45B}.Debug|Any CPU.Build.0 = Debug|Any CPU
		{53E3951C-8491-48B0-B041-37537A6DF45B}.Release|Any CPU.ActiveCfg = Release|Any CPU
		{53E3951C-8491-48B0-B041-37537A6DF45B}.Release|Any CPU.Build.0 = Release|Any CPU
		{D5EA6E8A-1636-4D66-A85F-4C9F804C5909}.Debug|Any CPU.ActiveCfg = Debug|Any CPU
		{D5EA6E8A-1636-4D66-A85F-4C9F804C5909}.Debug|Any CPU.Build.0 = Debug|Any CPU
		{D5EA6E8A-1636-4D66-A85F-4C9F804C5909}.Release|Any CPU.ActiveCfg = Release|Any CPU
		{D5EA6E8A-1636-4D66-A85F-4C9F804C5909}.Release|Any CPU.Build.0 = Release|Any CPU
	EndGlobalSection
EndGlobal
